
Microsoft Visual Studio Solution File, Format Version 12.00
# Visual Studio Version 17
VisualStudioVersion = 17.11.35303.130
MinimumVisualStudioVersion = 10.0.40219.1
Project("{FAE04EC0-301F-11D3-BF4B-00C04F79EFBC}") = "nevesCucc1015", "nevesCucc1015\nevesCucc1015.csproj", "{F7B82ADD-AA0C-4187-A4ED-05EBD9F6339F}"
EndProject
Global
	GlobalSection(SolutionConfigurationPlatforms) = preSolution
		Debug|Any CPU = Debug|Any CPU
		Release|Any CPU = Release|Any CPU
	EndGlobalSection
	GlobalSection(ProjectConfigurationPlatforms) = postSolution
		{F7B82ADD-AA0C-4187-A4ED-05EBD9F6339F}.Debug|Any CPU.ActiveCfg = Debug|Any CPU
		{F7B82ADD-AA0C-4187-A4ED-05EBD9F6339F}.Debug|Any CPU.Build.0 = Debug|Any CPU
		{F7B82ADD-AA0C-4187-A4ED-05EBD9F6339F}.Release|Any CPU.ActiveCfg = Release|Any CPU
		{F7B82ADD-AA0C-4187-A4ED-05EBD9F6339F}.Release|Any CPU.Build.0 = Release|Any CPU
	EndGlobalSection
	GlobalSection(SolutionProperties) = preSolution
		HideSolutionNode = FALSE
	EndGlobalSection
	GlobalSection(ExtensibilityGlobals) = postSolution
		SolutionGuid = {0D2D4466-8D8B-4DBC-AAF8-9234C37B040F}
	EndGlobalSection
EndGlobal
